
Microsoft Visual Studio Solution File, Format Version 12.00
# Visual Studio 15
Project("{FAE04EC0-301F-11D3-BF4B-00C04F79EFBC}") = "Assembly-CSharp", "Assembly-CSharp.csproj", "{A30F0B86-CCC4-C7A0-23E2-92FEB91C715A}"
EndProject
Project("{FAE04EC0-301F-11D3-BF4B-00C04F79EFBC}") = "Assembly-CSharp-Editor", "Assembly-CSharp-Editor.csproj", "{8A6FFEA2-C056-01A8-8FF1-791F2F75D22D}"
EndProject
Global
	GlobalSection(SolutionConfigurationPlatforms) = preSolution
		Debug|Any CPU = Debug|Any CPU
		Release|Any CPU = Release|Any CPU
	EndGlobalSection
	GlobalSection(ProjectConfigurationPlatforms) = postSolution
		{A30F0B86-CCC4-C7A0-23E2-92FEB91C715A}.Debug|Any CPU.ActiveCfg = Debug|Any CPU
		{A30F0B86-CCC4-C7A0-23E2-92FEB91C715A}.Debug|Any CPU.Build.0 = Debug|Any CPU
		{A30F0B86-CCC4-C7A0-23E2-92FEB91C715A}.Release|Any CPU.ActiveCfg = Release|Any CPU
		{A30F0B86-CCC4-C7A0-23E2-92FEB91C715A}.Release|Any CPU.Build.0 = Release|Any CPU
		{8A6FFEA2-C056-01A8-8FF1-791F2F75D22D}.Debug|Any CPU.ActiveCfg = Debug|Any CPU
		{8A6FFEA2-C056-01A8-8FF1-791F2F75D22D}.Debug|Any CPU.Build.0 = Debug|Any CPU
		{8A6FFEA2-C056-01A8-8FF1-791F2F75D22D}.Release|Any CPU.ActiveCfg = Release|Any CPU
		{8A6FFEA2-C056-01A8-8FF1-791F2F75D22D}.Release|Any CPU.Build.0 = Release|Any CPU
	EndGlobalSection
	GlobalSection(SolutionProperties) = preSolution
		HideSolutionNode = FALSE
	EndGlobalSection
EndGlobal
